
Microsoft Visual Studio Solution File, Format Version 12.00
# Visual Studio 15
Project("{FAE04EC0-301F-11D3-BF4B-00C04F79EFBC}") = "Assembly-CSharp", "Assembly-CSharp.csproj", "{D9CF1C79-4335-ADD3-7F90-6C20EA0E539D}"
EndProject
Project("{FAE04EC0-301F-11D3-BF4B-00C04F79EFBC}") = "Assembly-CSharp-firstpass", "Assembly-CSharp-firstpass.csproj", "{7E5AFA11-533C-9525-A4DC-E9BC8C16C55F}"
EndProject
Project("{FAE04EC0-301F-11D3-BF4B-00C04F79EFBC}") = "Assembly-CSharp-Editor-firstpass", "Assembly-CSharp-Editor-firstpass.csproj", "{F9279B38-C390-4B80-3835-5AB7BA97D3D5}"
EndProject
Global
	GlobalSection(SolutionConfigurationPlatforms) = preSolution
		Debug|Any CPU = Debug|Any CPU
		Release|Any CPU = Release|Any CPU
	EndGlobalSection
	GlobalSection(ProjectConfigurationPlatforms) = postSolution
		{D9CF1C79-4335-ADD3-7F90-6C20EA0E539D}.Debug|Any CPU.ActiveCfg = Debug|Any CPU
		{D9CF1C79-4335-ADD3-7F90-6C20EA0E539D}.Debug|Any CPU.Build.0 = Debug|Any CPU
		{D9CF1C79-4335-ADD3-7F90-6C20EA0E539D}.Release|Any CPU.ActiveCfg = Release|Any CPU
		{D9CF1C79-4335-ADD3-7F90-6C20EA0E539D}.Release|Any CPU.Build.0 = Release|Any CPU
		{7E5AFA11-533C-9525-A4DC-E9BC8C16C55F}.Debug|Any CPU.ActiveCfg = Debug|Any CPU
		{7E5AFA11-533C-9525-A4DC-E9BC8C16C55F}.Debug|Any CPU.Build.0 = Debug|Any CPU
		{7E5AFA11-533C-9525-A4DC-E9BC8C16C55F}.Release|Any CPU.ActiveCfg = Release|Any CPU
		{7E5AFA11-533C-9525-A4DC-E9BC8C16C55F}.Release|Any CPU.Build.0 = Release|Any CPU
		{F9279B38-C390-4B80-3835-5AB7BA97D3D5}.Debug|Any CPU.ActiveCfg = Debug|Any CPU
		{F9279B38-C390-4B80-3835-5AB7BA97D3D5}.Debug|Any CPU.Build.0 = Debug|Any CPU
		{F9279B38-C390-4B80-3835-5AB7BA97D3D5}.Release|Any CPU.ActiveCfg = Release|Any CPU
		{F9279B38-C390-4B80-3835-5AB7BA97D3D5}.Release|Any CPU.Build.0 = Release|Any CPU
	EndGlobalSection
	GlobalSection(SolutionProperties) = preSolution
		HideSolutionNode = FALSE
	EndGlobalSection
EndGlobal
